
Microsoft Visual Studio Solution File, Format Version 12.00
# Visual Studio Version 17
VisualStudioVersion = 17.0.31903.59
MinimumVisualStudioVersion = 10.0.40219.1
Project("{FAE04EC0-301F-11D3-BF4B-00C04F79EFBC}") = "PetFamily.Web", "src\PetFamily.Web\PetFamily.Web.csproj", "{ED5E9CCE-1711-4A2B-8BC5-AF422277358D}"
EndProject
Project("{2150E333-8FDC-42A3-9474-1A3956D46DE8}") = "Solution Items", "Solution Items", "{1717E9E3-919D-4D28-98AD-DEA2A76F1778}"
	ProjectSection(SolutionItems) = preProject
		compose.yaml = compose.yaml
	EndProjectSection
EndProject
Project("{FAE04EC0-301F-11D3-BF4B-00C04F79EFBC}") = "PetFamily.Domain.UnitTests", "tests\PetFamily.Domain.UnitTests\PetFamily.Domain.UnitTests.csproj", "{4D134233-C79B-4BAE-9985-7DBB9BE040B5}"
EndProject
Project("{2150E333-8FDC-42A3-9474-1A3956D46DE8}") = "tests", "tests", "{16C579A7-DFFB-4133-BE31-430B9724749A}"
EndProject
Project("{2150E333-8FDC-42A3-9474-1A3956D46DE8}") = "src", "src", "{4560D3C3-16DA-4A1E-9D46-490777FC50E8}"
EndProject
Project("{FAE04EC0-301F-11D3-BF4B-00C04F79EFBC}") = "PetFamily.Application.IntegrationTests", "tests\PetFamily.Application.IntegrationTests\PetFamily.Application.IntegrationTests.csproj", "{9EA8AD8F-09AB-452F-AE68-89B1878FA81F}"
EndProject
Project("{FAE04EC0-301F-11D3-BF4B-00C04F79EFBC}") = "PetFamily.Volunteers.Application", "src\Volunteers\PetFamily.Volunteers.Application\PetFamily.Volunteers.Application.csproj", "{580CDFAC-9CCD-44F8-8F6F-D41918968213}"
EndProject
Project("{FAE04EC0-301F-11D3-BF4B-00C04F79EFBC}") = "PetFamily.Volunteers.Domain", "src\Volunteers\PetFamily.Volunteers.Domain\PetFamily.Volunteers.Domain.csproj", "{33B597F8-7C11-49E3-B51E-0C1C689F9AE6}"
EndProject
Project("{FAE04EC0-301F-11D3-BF4B-00C04F79EFBC}") = "PetFamily.Volunteers.Infrastructure", "src\Volunteers\PetFamily.Volunteers.Infrastructure\PetFamily.Volunteers.Infrastructure.csproj", "{4AD01FF3-A010-4FEF-A409-3584E86F546C}"
EndProject
Project("{FAE04EC0-301F-11D3-BF4B-00C04F79EFBC}") = "PetFamily.Volunteers.Presentation", "src\Volunteers\PetFamily.Volunteers.Presentation\PetFamily.Volunteers.Presentation.csproj", "{4235F794-8DAE-49E9-AD53-B47887278289}"
EndProject
Project("{2150E333-8FDC-42A3-9474-1A3956D46DE8}") = "Volunteers", "Volunteers", "{09AADB30-B422-4473-835F-7DC31E254471}"
EndProject
Project("{FAE04EC0-301F-11D3-BF4B-00C04F79EFBC}") = "PetFamily.Volunteers.Contracts", "src\Volunteers\PetFamily.Volunteers.Contracts\PetFamily.Volunteers.Contracts.csproj", "{2DC64847-56E8-4D59-9AEB-F3EDAC6A0B83}"
EndProject
Project("{FAE04EC0-301F-11D3-BF4B-00C04F79EFBC}") = "PetFamily.SharedKernel", "src\Shared\PetFamily.SharedKernel\PetFamily.SharedKernel.csproj", "{C314198E-FF8F-4180-A3C8-F0BED2799D16}"
EndProject
Project("{2150E333-8FDC-42A3-9474-1A3956D46DE8}") = "Shared", "Shared", "{AE5FFA39-1388-40FF-AAF0-63D0975B33C0}"
EndProject
Project("{FAE04EC0-301F-11D3-BF4B-00C04F79EFBC}") = "PetFamily.Framework", "src\Shared\PetFamily.Framework\PetFamily.Framework.csproj", "{3B4D6803-9F96-4786-93CB-BECC7CB36B0A}"
EndProject
Project("{2150E333-8FDC-42A3-9474-1A3956D46DE8}") = "Species", "Species", "{F8423115-77B7-4740-8538-3BFC3B0C7496}"
EndProject
Project("{FAE04EC0-301F-11D3-BF4B-00C04F79EFBC}") = "PetFamily.Species.Domain", "src\Species\PetFamily.Species.Domain\PetFamily.Species.Domain.csproj", "{E6A71009-A0A6-42E6-839F-3F69B7968689}"
EndProject
Project("{FAE04EC0-301F-11D3-BF4B-00C04F79EFBC}") = "PetFamily.Species.Infrastructure", "src\Species\PetFamily.Species.Infrastructure\PetFamily.Species.Infrastructure.csproj", "{3E1F5757-C185-44CE-8793-D37ED5349B8C}"
EndProject
Project("{FAE04EC0-301F-11D3-BF4B-00C04F79EFBC}") = "PetFamily.Species.Presentation", "src\Species\PetFamily.Species.Presentation\PetFamily.Species.Presentation.csproj", "{74FC9FCA-BC5C-428D-8556-9231E05589A8}"
EndProject
Project("{FAE04EC0-301F-11D3-BF4B-00C04F79EFBC}") = "PetFamily.Core", "src\Shared\PetFamily.Core\PetFamily.Core.csproj", "{02EDECD0-31AD-4B2B-ACB5-124814D831FD}"
EndProject
Project("{FAE04EC0-301F-11D3-BF4B-00C04F79EFBC}") = "PetFamily.Species.Contracts", "src\Species\PetFamily.Species.Contracts\PetFamily.Species.Contracts.csproj", "{D64C4A9C-F070-4BC2-9B88-907BE3AE885E}"
EndProject
Project("{FAE04EC0-301F-11D3-BF4B-00C04F79EFBC}") = "PetFamily.Species.Application", "src\Species\PetFamily.Species.Application\PetFamily.Species.Application.csproj", "{EDF97D59-4327-4483-A24C-71134ED5D7F3}"
EndProject
Project("{2150E333-8FDC-42A3-9474-1A3956D46DE8}") = "Files", "Files", "{F7CBB381-BFB5-4B32-B49A-092490B869A0}"
EndProject
Project("{FAE04EC0-301F-11D3-BF4B-00C04F79EFBC}") = "PetFamily.Files.Application", "src\Files\PetFamily.Files.Application\PetFamily.Files.Application.csproj", "{B31C16F2-1143-4A1C-A0F0-5EDA9DE4E3A4}"
EndProject
Project("{FAE04EC0-301F-11D3-BF4B-00C04F79EFBC}") = "PetFamily.Files.Presentation", "src\Files\PetFamily.Files.Presentation\PetFamily.Files.Presentation.csproj", "{AD4E0748-7BC8-4FB2-B016-C0781BD7FAB6}"
EndProject
Project("{2150E333-8FDC-42A3-9474-1A3956D46DE8}") = "Accounts", "Accounts", "{216B519A-B8DD-4415-B23E-406C38653E84}"
EndProject
Project("{FAE04EC0-301F-11D3-BF4B-00C04F79EFBC}") = "PetFamily.Accounts.Application", "src\Accounts\PetFamily.Accounts.Application\PetFamily.Accounts.Application.csproj", "{0CE798D3-ACB4-4952-B119-C4A6057ECB18}"
EndProject
Project("{FAE04EC0-301F-11D3-BF4B-00C04F79EFBC}") = "PetFamily.Accounts.Infrastructure", "src\Accounts\PetFamily.Accounts.Infrastructure\PetFamily.Accounts.Infrastructure.csproj", "{E8E684D8-D050-4DE2-AF02-31761E9066DB}"
EndProject
Project("{FAE04EC0-301F-11D3-BF4B-00C04F79EFBC}") = "PetFamily.Accounts.Domain", "src\Accounts\PetFamily.Accounts.Domain\PetFamily.Accounts.Domain.csproj", "{C2EBCB7F-8B34-4A06-B9A4-043C14C45119}"
EndProject
Project("{FAE04EC0-301F-11D3-BF4B-00C04F79EFBC}") = "PetFamily.Accounts.Presentation", "src\Accounts\PetFamily.Accounts.Presentation\PetFamily.Accounts.Presentation.csproj", "{7E19464F-E850-4AD8-87C2-656C994DF433}"
EndProject
Project("{FAE04EC0-301F-11D3-BF4B-00C04F79EFBC}") = "PetFamily.Accounts.Contracts", "src\Accounts\PetFamily.Accounts.Contracts\PetFamily.Accounts.Contracts.csproj", "{0ADD33D7-81B8-4816-B238-5D1C4F855C36}"
EndProject
Global
	GlobalSection(SolutionConfigurationPlatforms) = preSolution
		Debug|Any CPU = Debug|Any CPU
		Release|Any CPU = Release|Any CPU
	EndGlobalSection
	GlobalSection(SolutionProperties) = preSolution
		HideSolutionNode = FALSE
	EndGlobalSection
	GlobalSection(ProjectConfigurationPlatforms) = postSolution
		{ED5E9CCE-1711-4A2B-8BC5-AF422277358D}.Debug|Any CPU.ActiveCfg = Debug|Any CPU
		{ED5E9CCE-1711-4A2B-8BC5-AF422277358D}.Debug|Any CPU.Build.0 = Debug|Any CPU
		{ED5E9CCE-1711-4A2B-8BC5-AF422277358D}.Release|Any CPU.ActiveCfg = Release|Any CPU
		{ED5E9CCE-1711-4A2B-8BC5-AF422277358D}.Release|Any CPU.Build.0 = Release|Any CPU
		{4D134233-C79B-4BAE-9985-7DBB9BE040B5}.Debug|Any CPU.ActiveCfg = Debug|Any CPU
		{4D134233-C79B-4BAE-9985-7DBB9BE040B5}.Debug|Any CPU.Build.0 = Debug|Any CPU
		{4D134233-C79B-4BAE-9985-7DBB9BE040B5}.Release|Any CPU.ActiveCfg = Release|Any CPU
		{4D134233-C79B-4BAE-9985-7DBB9BE040B5}.Release|Any CPU.Build.0 = Release|Any CPU
		{9EA8AD8F-09AB-452F-AE68-89B1878FA81F}.Debug|Any CPU.ActiveCfg = Debug|Any CPU
		{9EA8AD8F-09AB-452F-AE68-89B1878FA81F}.Debug|Any CPU.Build.0 = Debug|Any CPU
		{9EA8AD8F-09AB-452F-AE68-89B1878FA81F}.Release|Any CPU.ActiveCfg = Release|Any CPU
		{9EA8AD8F-09AB-452F-AE68-89B1878FA81F}.Release|Any CPU.Build.0 = Release|Any CPU
		{580CDFAC-9CCD-44F8-8F6F-D41918968213}.Debug|Any CPU.ActiveCfg = Debug|Any CPU
		{580CDFAC-9CCD-44F8-8F6F-D41918968213}.Debug|Any CPU.Build.0 = Debug|Any CPU
		{580CDFAC-9CCD-44F8-8F6F-D41918968213}.Release|Any CPU.ActiveCfg = Release|Any CPU
		{580CDFAC-9CCD-44F8-8F6F-D41918968213}.Release|Any CPU.Build.0 = Release|Any CPU
		{33B597F8-7C11-49E3-B51E-0C1C689F9AE6}.Debug|Any CPU.ActiveCfg = Debug|Any CPU
		{33B597F8-7C11-49E3-B51E-0C1C689F9AE6}.Debug|Any CPU.Build.0 = Debug|Any CPU
		{33B597F8-7C11-49E3-B51E-0C1C689F9AE6}.Release|Any CPU.ActiveCfg = Release|Any CPU
		{33B597F8-7C11-49E3-B51E-0C1C689F9AE6}.Release|Any CPU.Build.0 = Release|Any CPU
		{4AD01FF3-A010-4FEF-A409-3584E86F546C}.Debug|Any CPU.ActiveCfg = Debug|Any CPU
		{4AD01FF3-A010-4FEF-A409-3584E86F546C}.Debug|Any CPU.Build.0 = Debug|Any CPU
		{4AD01FF3-A010-4FEF-A409-3584E86F546C}.Release|Any CPU.ActiveCfg = Release|Any CPU
		{4AD01FF3-A010-4FEF-A409-3584E86F546C}.Release|Any CPU.Build.0 = Release|Any CPU
		{4235F794-8DAE-49E9-AD53-B47887278289}.Debug|Any CPU.ActiveCfg = Debug|Any CPU
		{4235F794-8DAE-49E9-AD53-B47887278289}.Debug|Any CPU.Build.0 = Debug|Any CPU
		{4235F794-8DAE-49E9-AD53-B47887278289}.Release|Any CPU.ActiveCfg = Release|Any CPU
		{4235F794-8DAE-49E9-AD53-B47887278289}.Release|Any CPU.Build.0 = Release|Any CPU
		{2DC64847-56E8-4D59-9AEB-F3EDAC6A0B83}.Debug|Any CPU.ActiveCfg = Debug|Any CPU
		{2DC64847-56E8-4D59-9AEB-F3EDAC6A0B83}.Debug|Any CPU.Build.0 = Debug|Any CPU
		{2DC64847-56E8-4D59-9AEB-F3EDAC6A0B83}.Release|Any CPU.ActiveCfg = Release|Any CPU
		{2DC64847-56E8-4D59-9AEB-F3EDAC6A0B83}.Release|Any CPU.Build.0 = Release|Any CPU
		{C314198E-FF8F-4180-A3C8-F0BED2799D16}.Debug|Any CPU.ActiveCfg = Debug|Any CPU
		{C314198E-FF8F-4180-A3C8-F0BED2799D16}.Debug|Any CPU.Build.0 = Debug|Any CPU
		{C314198E-FF8F-4180-A3C8-F0BED2799D16}.Release|Any CPU.ActiveCfg = Release|Any CPU
		{C314198E-FF8F-4180-A3C8-F0BED2799D16}.Release|Any CPU.Build.0 = Release|Any CPU
		{3B4D6803-9F96-4786-93CB-BECC7CB36B0A}.Debug|Any CPU.ActiveCfg = Debug|Any CPU
		{3B4D6803-9F96-4786-93CB-BECC7CB36B0A}.Debug|Any CPU.Build.0 = Debug|Any CPU
		{3B4D6803-9F96-4786-93CB-BECC7CB36B0A}.Release|Any CPU.ActiveCfg = Release|Any CPU
		{3B4D6803-9F96-4786-93CB-BECC7CB36B0A}.Release|Any CPU.Build.0 = Release|Any CPU
		{E6A71009-A0A6-42E6-839F-3F69B7968689}.Debug|Any CPU.ActiveCfg = Debug|Any CPU
		{E6A71009-A0A6-42E6-839F-3F69B7968689}.Debug|Any CPU.Build.0 = Debug|Any CPU
		{E6A71009-A0A6-42E6-839F-3F69B7968689}.Release|Any CPU.ActiveCfg = Release|Any CPU
		{E6A71009-A0A6-42E6-839F-3F69B7968689}.Release|Any CPU.Build.0 = Release|Any CPU
		{3E1F5757-C185-44CE-8793-D37ED5349B8C}.Debug|Any CPU.ActiveCfg = Debug|Any CPU
		{3E1F5757-C185-44CE-8793-D37ED5349B8C}.Debug|Any CPU.Build.0 = Debug|Any CPU
		{3E1F5757-C185-44CE-8793-D37ED5349B8C}.Release|Any CPU.ActiveCfg = Release|Any CPU
		{3E1F5757-C185-44CE-8793-D37ED5349B8C}.Release|Any CPU.Build.0 = Release|Any CPU
		{74FC9FCA-BC5C-428D-8556-9231E05589A8}.Debug|Any CPU.ActiveCfg = Debug|Any CPU
		{74FC9FCA-BC5C-428D-8556-9231E05589A8}.Debug|Any CPU.Build.0 = Debug|Any CPU
		{74FC9FCA-BC5C-428D-8556-9231E05589A8}.Release|Any CPU.ActiveCfg = Release|Any CPU
		{74FC9FCA-BC5C-428D-8556-9231E05589A8}.Release|Any CPU.Build.0 = Release|Any CPU
		{02EDECD0-31AD-4B2B-ACB5-124814D831FD}.Debug|Any CPU.ActiveCfg = Debug|Any CPU
		{02EDECD0-31AD-4B2B-ACB5-124814D831FD}.Debug|Any CPU.Build.0 = Debug|Any CPU
		{02EDECD0-31AD-4B2B-ACB5-124814D831FD}.Release|Any CPU.ActiveCfg = Release|Any CPU
		{02EDECD0-31AD-4B2B-ACB5-124814D831FD}.Release|Any CPU.Build.0 = Release|Any CPU
		{D64C4A9C-F070-4BC2-9B88-907BE3AE885E}.Debug|Any CPU.ActiveCfg = Debug|Any CPU
		{D64C4A9C-F070-4BC2-9B88-907BE3AE885E}.Debug|Any CPU.Build.0 = Debug|Any CPU
		{D64C4A9C-F070-4BC2-9B88-907BE3AE885E}.Release|Any CPU.ActiveCfg = Release|Any CPU
		{D64C4A9C-F070-4BC2-9B88-907BE3AE885E}.Release|Any CPU.Build.0 = Release|Any CPU
		{EDF97D59-4327-4483-A24C-71134ED5D7F3}.Debug|Any CPU.ActiveCfg = Debug|Any CPU
		{EDF97D59-4327-4483-A24C-71134ED5D7F3}.Debug|Any CPU.Build.0 = Debug|Any CPU
		{EDF97D59-4327-4483-A24C-71134ED5D7F3}.Release|Any CPU.ActiveCfg = Release|Any CPU
		{EDF97D59-4327-4483-A24C-71134ED5D7F3}.Release|Any CPU.Build.0 = Release|Any CPU
		{B31C16F2-1143-4A1C-A0F0-5EDA9DE4E3A4}.Debug|Any CPU.ActiveCfg = Debug|Any CPU
		{B31C16F2-1143-4A1C-A0F0-5EDA9DE4E3A4}.Debug|Any CPU.Build.0 = Debug|Any CPU
		{B31C16F2-1143-4A1C-A0F0-5EDA9DE4E3A4}.Release|Any CPU.ActiveCfg = Release|Any CPU
		{B31C16F2-1143-4A1C-A0F0-5EDA9DE4E3A4}.Release|Any CPU.Build.0 = Release|Any CPU
		{AD4E0748-7BC8-4FB2-B016-C0781BD7FAB6}.Debug|Any CPU.ActiveCfg = Debug|Any CPU
		{AD4E0748-7BC8-4FB2-B016-C0781BD7FAB6}.Debug|Any CPU.Build.0 = Debug|Any CPU
		{AD4E0748-7BC8-4FB2-B016-C0781BD7FAB6}.Release|Any CPU.ActiveCfg = Release|Any CPU
		{AD4E0748-7BC8-4FB2-B016-C0781BD7FAB6}.Release|Any CPU.Build.0 = Release|Any CPU
		{0CE798D3-ACB4-4952-B119-C4A6057ECB18}.Debug|Any CPU.ActiveCfg = Debug|Any CPU
		{0CE798D3-ACB4-4952-B119-C4A6057ECB18}.Debug|Any CPU.Build.0 = Debug|Any CPU
		{0CE798D3-ACB4-4952-B119-C4A6057ECB18}.Release|Any CPU.ActiveCfg = Release|Any CPU
		{0CE798D3-ACB4-4952-B119-C4A6057ECB18}.Release|Any CPU.Build.0 = Release|Any CPU
		{E8E684D8-D050-4DE2-AF02-31761E9066DB}.Debug|Any CPU.ActiveCfg = Debug|Any CPU
		{E8E684D8-D050-4DE2-AF02-31761E9066DB}.Debug|Any CPU.Build.0 = Debug|Any CPU
		{E8E684D8-D050-4DE2-AF02-31761E9066DB}.Release|Any CPU.ActiveCfg = Release|Any CPU
		{E8E684D8-D050-4DE2-AF02-31761E9066DB}.Release|Any CPU.Build.0 = Release|Any CPU
		{C2EBCB7F-8B34-4A06-B9A4-043C14C45119}.Debug|Any CPU.ActiveCfg = Debug|Any CPU
		{C2EBCB7F-8B34-4A06-B9A4-043C14C45119}.Debug|Any CPU.Build.0 = Debug|Any CPU
		{C2EBCB7F-8B34-4A06-B9A4-043C14C45119}.Release|Any CPU.ActiveCfg = Release|Any CPU
		{C2EBCB7F-8B34-4A06-B9A4-043C14C45119}.Release|Any CPU.Build.0 = Release|Any CPU
		{7E19464F-E850-4AD8-87C2-656C994DF433}.Debug|Any CPU.ActiveCfg = Debug|Any CPU
		{7E19464F-E850-4AD8-87C2-656C994DF433}.Debug|Any CPU.Build.0 = Debug|Any CPU
		{7E19464F-E850-4AD8-87C2-656C994DF433}.Release|Any CPU.ActiveCfg = Release|Any CPU
		{7E19464F-E850-4AD8-87C2-656C994DF433}.Release|Any CPU.Build.0 = Release|Any CPU
		{0ADD33D7-81B8-4816-B238-5D1C4F855C36}.Debug|Any CPU.ActiveCfg = Debug|Any CPU
		{0ADD33D7-81B8-4816-B238-5D1C4F855C36}.Debug|Any CPU.Build.0 = Debug|Any CPU
		{0ADD33D7-81B8-4816-B238-5D1C4F855C36}.Release|Any CPU.ActiveCfg = Release|Any CPU
		{0ADD33D7-81B8-4816-B238-5D1C4F855C36}.Release|Any CPU.Build.0 = Release|Any CPU
	EndGlobalSection
	GlobalSection(NestedProjects) = preSolution
		{4D134233-C79B-4BAE-9985-7DBB9BE040B5} = {16C579A7-DFFB-4133-BE31-430B9724749A}
		{ED5E9CCE-1711-4A2B-8BC5-AF422277358D} = {4560D3C3-16DA-4A1E-9D46-490777FC50E8}
		{9EA8AD8F-09AB-452F-AE68-89B1878FA81F} = {16C579A7-DFFB-4133-BE31-430B9724749A}
		{09AADB30-B422-4473-835F-7DC31E254471} = {4560D3C3-16DA-4A1E-9D46-490777FC50E8}
		{580CDFAC-9CCD-44F8-8F6F-D41918968213} = {09AADB30-B422-4473-835F-7DC31E254471}
		{4235F794-8DAE-49E9-AD53-B47887278289} = {09AADB30-B422-4473-835F-7DC31E254471}
		{33B597F8-7C11-49E3-B51E-0C1C689F9AE6} = {09AADB30-B422-4473-835F-7DC31E254471}
		{4AD01FF3-A010-4FEF-A409-3584E86F546C} = {09AADB30-B422-4473-835F-7DC31E254471}
		{2DC64847-56E8-4D59-9AEB-F3EDAC6A0B83} = {09AADB30-B422-4473-835F-7DC31E254471}
		{AE5FFA39-1388-40FF-AAF0-63D0975B33C0} = {4560D3C3-16DA-4A1E-9D46-490777FC50E8}
		{C314198E-FF8F-4180-A3C8-F0BED2799D16} = {AE5FFA39-1388-40FF-AAF0-63D0975B33C0}
		{3B4D6803-9F96-4786-93CB-BECC7CB36B0A} = {AE5FFA39-1388-40FF-AAF0-63D0975B33C0}
		{F8423115-77B7-4740-8538-3BFC3B0C7496} = {4560D3C3-16DA-4A1E-9D46-490777FC50E8}
		{E6A71009-A0A6-42E6-839F-3F69B7968689} = {F8423115-77B7-4740-8538-3BFC3B0C7496}
		{3E1F5757-C185-44CE-8793-D37ED5349B8C} = {F8423115-77B7-4740-8538-3BFC3B0C7496}
		{74FC9FCA-BC5C-428D-8556-9231E05589A8} = {F8423115-77B7-4740-8538-3BFC3B0C7496}
		{02EDECD0-31AD-4B2B-ACB5-124814D831FD} = {AE5FFA39-1388-40FF-AAF0-63D0975B33C0}
		{D64C4A9C-F070-4BC2-9B88-907BE3AE885E} = {F8423115-77B7-4740-8538-3BFC3B0C7496}
		{EDF97D59-4327-4483-A24C-71134ED5D7F3} = {F8423115-77B7-4740-8538-3BFC3B0C7496}
		{F7CBB381-BFB5-4B32-B49A-092490B869A0} = {4560D3C3-16DA-4A1E-9D46-490777FC50E8}
		{B31C16F2-1143-4A1C-A0F0-5EDA9DE4E3A4} = {F7CBB381-BFB5-4B32-B49A-092490B869A0}
		{AD4E0748-7BC8-4FB2-B016-C0781BD7FAB6} = {F7CBB381-BFB5-4B32-B49A-092490B869A0}
		{216B519A-B8DD-4415-B23E-406C38653E84} = {4560D3C3-16DA-4A1E-9D46-490777FC50E8}
		{0CE798D3-ACB4-4952-B119-C4A6057ECB18} = {216B519A-B8DD-4415-B23E-406C38653E84}
		{E8E684D8-D050-4DE2-AF02-31761E9066DB} = {216B519A-B8DD-4415-B23E-406C38653E84}
		{C2EBCB7F-8B34-4A06-B9A4-043C14C45119} = {216B519A-B8DD-4415-B23E-406C38653E84}
		{7E19464F-E850-4AD8-87C2-656C994DF433} = {216B519A-B8DD-4415-B23E-406C38653E84}
		{0ADD33D7-81B8-4816-B238-5D1C4F855C36} = {216B519A-B8DD-4415-B23E-406C38653E84}
	EndGlobalSection
EndGlobal
