
Microsoft Visual Studio Solution File, Format Version 12.00
# Visual Studio Version 17
VisualStudioVersion = 17.0.31903.59
MinimumVisualStudioVersion = 10.0.40219.1
Project("{FAE04EC0-301F-11D3-BF4B-00C04F79EFBC}") = "PetFamily.API", "src\PetFamily.API\PetFamily.API.csproj", "{ED5E9CCE-1711-4A2B-8BC5-AF422277358D}"
EndProject
Project("{FAE04EC0-301F-11D3-BF4B-00C04F79EFBC}") = "PetFamily.Application", "src\PetFamily.Application\PetFamily.Application.csproj", "{159EEAF3-F761-47CC-B99F-575C9243EE75}"
EndProject
Project("{FAE04EC0-301F-11D3-BF4B-00C04F79EFBC}") = "PetFamily.Domain", "src\PetFamily.Domain\PetFamily.Domain.csproj", "{F6D102C7-1BEF-4167-9FB8-C8E6E38C16B8}"
EndProject
Project("{FAE04EC0-301F-11D3-BF4B-00C04F79EFBC}") = "PetFamily.Infrastructure", "src\PetFamily.Infrastructure\PetFamily.Infrastructure.csproj", "{7ECF2928-F8F9-48C5-A0D9-12BA9A72A122}"
EndProject
Project("{2150E333-8FDC-42A3-9474-1A3956D46DE8}") = "Solution Items", "Solution Items", "{1717E9E3-919D-4D28-98AD-DEA2A76F1778}"
	ProjectSection(SolutionItems) = preProject
		compose.yaml = compose.yaml
	EndProjectSection
EndProject
Project("{FAE04EC0-301F-11D3-BF4B-00C04F79EFBC}") = "PetFamily.Domain.UnitTests", "tests\PetFamily.Domain.UnitTests\PetFamily.Domain.UnitTests.csproj", "{4D134233-C79B-4BAE-9985-7DBB9BE040B5}"
EndProject
Project("{FAE04EC0-301F-11D3-BF4B-00C04F79EFBC}") = "PetFamily.Application.UnitTests", "tests\PetFamily.Application.UnitTests\PetFamily.Application.UnitTests.csproj", "{BEBE91DB-259B-47D0-B1C2-B795F4EEACE3}"
EndProject
Project("{2150E333-8FDC-42A3-9474-1A3956D46DE8}") = "tests", "tests", "{16C579A7-DFFB-4133-BE31-430B9724749A}"
EndProject
Project("{2150E333-8FDC-42A3-9474-1A3956D46DE8}") = "src", "src", "{4560D3C3-16DA-4A1E-9D46-490777FC50E8}"
EndProject
Global
	GlobalSection(SolutionConfigurationPlatforms) = preSolution
		Debug|Any CPU = Debug|Any CPU
		Release|Any CPU = Release|Any CPU
	EndGlobalSection
	GlobalSection(SolutionProperties) = preSolution
		HideSolutionNode = FALSE
	EndGlobalSection
	GlobalSection(ProjectConfigurationPlatforms) = postSolution
		{ED5E9CCE-1711-4A2B-8BC5-AF422277358D}.Debug|Any CPU.ActiveCfg = Debug|Any CPU
		{ED5E9CCE-1711-4A2B-8BC5-AF422277358D}.Debug|Any CPU.Build.0 = Debug|Any CPU
		{ED5E9CCE-1711-4A2B-8BC5-AF422277358D}.Release|Any CPU.ActiveCfg = Release|Any CPU
		{ED5E9CCE-1711-4A2B-8BC5-AF422277358D}.Release|Any CPU.Build.0 = Release|Any CPU
		{159EEAF3-F761-47CC-B99F-575C9243EE75}.Debug|Any CPU.ActiveCfg = Debug|Any CPU
		{159EEAF3-F761-47CC-B99F-575C9243EE75}.Debug|Any CPU.Build.0 = Debug|Any CPU
		{159EEAF3-F761-47CC-B99F-575C9243EE75}.Release|Any CPU.ActiveCfg = Release|Any CPU
		{159EEAF3-F761-47CC-B99F-575C9243EE75}.Release|Any CPU.Build.0 = Release|Any CPU
		{F6D102C7-1BEF-4167-9FB8-C8E6E38C16B8}.Debug|Any CPU.ActiveCfg = Debug|Any CPU
		{F6D102C7-1BEF-4167-9FB8-C8E6E38C16B8}.Debug|Any CPU.Build.0 = Debug|Any CPU
		{F6D102C7-1BEF-4167-9FB8-C8E6E38C16B8}.Release|Any CPU.ActiveCfg = Release|Any CPU
		{F6D102C7-1BEF-4167-9FB8-C8E6E38C16B8}.Release|Any CPU.Build.0 = Release|Any CPU
		{7ECF2928-F8F9-48C5-A0D9-12BA9A72A122}.Debug|Any CPU.ActiveCfg = Debug|Any CPU
		{7ECF2928-F8F9-48C5-A0D9-12BA9A72A122}.Debug|Any CPU.Build.0 = Debug|Any CPU
		{7ECF2928-F8F9-48C5-A0D9-12BA9A72A122}.Release|Any CPU.ActiveCfg = Release|Any CPU
		{7ECF2928-F8F9-48C5-A0D9-12BA9A72A122}.Release|Any CPU.Build.0 = Release|Any CPU
		{4D134233-C79B-4BAE-9985-7DBB9BE040B5}.Debug|Any CPU.ActiveCfg = Debug|Any CPU
		{4D134233-C79B-4BAE-9985-7DBB9BE040B5}.Debug|Any CPU.Build.0 = Debug|Any CPU
		{4D134233-C79B-4BAE-9985-7DBB9BE040B5}.Release|Any CPU.ActiveCfg = Release|Any CPU
		{4D134233-C79B-4BAE-9985-7DBB9BE040B5}.Release|Any CPU.Build.0 = Release|Any CPU
		{BEBE91DB-259B-47D0-B1C2-B795F4EEACE3}.Debug|Any CPU.ActiveCfg = Debug|Any CPU
		{BEBE91DB-259B-47D0-B1C2-B795F4EEACE3}.Debug|Any CPU.Build.0 = Debug|Any CPU
		{BEBE91DB-259B-47D0-B1C2-B795F4EEACE3}.Release|Any CPU.ActiveCfg = Release|Any CPU
		{BEBE91DB-259B-47D0-B1C2-B795F4EEACE3}.Release|Any CPU.Build.0 = Release|Any CPU
	EndGlobalSection
	GlobalSection(NestedProjects) = preSolution
		{BEBE91DB-259B-47D0-B1C2-B795F4EEACE3} = {16C579A7-DFFB-4133-BE31-430B9724749A}
		{4D134233-C79B-4BAE-9985-7DBB9BE040B5} = {16C579A7-DFFB-4133-BE31-430B9724749A}
		{ED5E9CCE-1711-4A2B-8BC5-AF422277358D} = {4560D3C3-16DA-4A1E-9D46-490777FC50E8}
		{159EEAF3-F761-47CC-B99F-575C9243EE75} = {4560D3C3-16DA-4A1E-9D46-490777FC50E8}
		{F6D102C7-1BEF-4167-9FB8-C8E6E38C16B8} = {4560D3C3-16DA-4A1E-9D46-490777FC50E8}
		{7ECF2928-F8F9-48C5-A0D9-12BA9A72A122} = {4560D3C3-16DA-4A1E-9D46-490777FC50E8}
	EndGlobalSection
EndGlobal
